{
  "object": {
    "pins": [
      {
        "package": "CWasm3",
        "repositoryURL": "https://github.com/shareup/cwasm3.git",
        "state": {
          "branch": null,
          "revision": "93bee1c35cee166098cf290fe7b745d44730afce",
          "version": "0.4.8"
        }
      },
      {
        "package": "Synchronized",
        "repositoryURL": "https://github.com/shareup/synchronized.git",
        "state": {
          "branch": null,
          "revision": "e8bbab660d61b4f78fd94c3640f1a03886c326ea",
          "version": "2.1.0"
        }
      }
    ]
  },
  "version": 1
}
