{
  "object": {
    "pins": [
      {
        "package": "Synchronized",
        "repositoryURL": "https://github.com/shareup/synchronized.git",
        "state": {
          "branch": null,
          "revision": "ab58ad52ede004d65ee11b07aebb76392d9c0cec",
          "version": "3.1.0"
        }
      }
    ]
  },
  "version": 1
}
